// !$*UTF8*$!
{
	archiveVersion = 1;
	classes = {
	};
	objectVersion = 55;
	objects = {

/* Begin PBXBuildFile section */
		D4055799283BB7FA00029C31 /* RepositoryTableViewCell.swift in Sources */ = {isa = PBXBuildFile; fileRef = D4055798283BB7FA00029C31 /* RepositoryTableViewCell.swift */; };
		D405579C283BB97300029C31 /* Repository.swift in Sources */ = {isa = PBXBuildFile; fileRef = D405579B283BB97300029C31 /* Repository.swift */; };
		D405579E283BBBD800029C31 /* RepositoriesAPI.swift in Sources */ = {isa = PBXBuildFile; fileRef = D405579D283BBBD800029C31 /* RepositoriesAPI.swift */; };
		D40557A0283BBD1E00029C31 /* DashboardViewModel.swift in Sources */ = {isa = PBXBuildFile; fileRef = D405579F283BBD1E00029C31 /* DashboardViewModel.swift */; };
		D40557A2283BC02E00029C31 /* DataManager.swift in Sources */ = {isa = PBXBuildFile; fileRef = D40557A1283BC02E00029C31 /* DataManager.swift */; };
		D40557A8283BDB0800029C31 /* BranchesAPI.swift in Sources */ = {isa = PBXBuildFile; fileRef = D40557A7283BDB0800029C31 /* BranchesAPI.swift */; };
		D40557AA283BDB4F00029C31 /* Branch.swift in Sources */ = {isa = PBXBuildFile; fileRef = D40557A9283BDB4F00029C31 /* Branch.swift */; };
		D40557AC283BDBEB00029C31 /* BranchesViewModel.swift in Sources */ = {isa = PBXBuildFile; fileRef = D40557AB283BDBEB00029C31 /* BranchesViewModel.swift */; };
		D40557AF283BDCCD00029C31 /* BranchViewController.swift in Sources */ = {isa = PBXBuildFile; fileRef = D40557AE283BDCCD00029C31 /* BranchViewController.swift */; };
		D40557B2283BE0B400029C31 /* BranchTableViewCell.swift in Sources */ = {isa = PBXBuildFile; fileRef = D40557B1283BE0B400029C31 /* BranchTableViewCell.swift */; };
		D476FF71283B810D000AFCB3 /* AppDelegate.swift in Sources */ = {isa = PBXBuildFile; fileRef = D476FF70283B810D000AFCB3 /* AppDelegate.swift */; };
		D476FF73283B810D000AFCB3 /* SceneDelegate.swift in Sources */ = {isa = PBXBuildFile; fileRef = D476FF72283B810D000AFCB3 /* SceneDelegate.swift */; };
		D476FF75283B810D000AFCB3 /* LoginController.swift in Sources */ = {isa = PBXBuildFile; fileRef = D476FF74283B810D000AFCB3 /* LoginController.swift */; };
		D476FF78283B810D000AFCB3 /* Main.storyboard in Resources */ = {isa = PBXBuildFile; fileRef = D476FF76283B810D000AFCB3 /* Main.storyboard */; };
		D476FF7A283B8111000AFCB3 /* Assets.xcassets in Resources */ = {isa = PBXBuildFile; fileRef = D476FF79283B8111000AFCB3 /* Assets.xcassets */; };
		D476FF7D283B8111000AFCB3 /* LaunchScreen.storyboard in Resources */ = {isa = PBXBuildFile; fileRef = D476FF7B283B8111000AFCB3 /* LaunchScreen.storyboard */; };
		D476FF86283B89F0000AFCB3 /* AuthService.swift in Sources */ = {isa = PBXBuildFile; fileRef = D476FF85283B89F0000AFCB3 /* AuthService.swift */; };
		D476FF89283B8E5F000AFCB3 /* SkeletonView in Frameworks */ = {isa = PBXBuildFile; productRef = D476FF88283B8E5F000AFCB3 /* SkeletonView */; };
		D476FF8F283B8EC8000AFCB3 /* AuthResponse.swift in Sources */ = {isa = PBXBuildFile; fileRef = D476FF8E283B8EC8000AFCB3 /* AuthResponse.swift */; };
		D476FF91283B8EE6000AFCB3 /* SignInViewModel.swift in Sources */ = {isa = PBXBuildFile; fileRef = D476FF90283B8EE6000AFCB3 /* SignInViewModel.swift */; };
		D476FF94283BA470000AFCB3 /* Extensions.swift in Sources */ = {isa = PBXBuildFile; fileRef = D476FF93283BA470000AFCB3 /* Extensions.swift */; };
		D4790D1D283BA85F00522408 /* DashboardViewController.swift in Sources */ = {isa = PBXBuildFile; fileRef = D4790D1C283BA85F00522408 /* DashboardViewController.swift */; };
		D4F4F3ED283F62DF00E4141B /* GitHubRepositoriesUITests.swift in Sources */ = {isa = PBXBuildFile; fileRef = D4F4F3EC283F62DF00E4141B /* GitHubRepositoriesUITests.swift */; };
		D4F4F3EF283F62DF00E4141B /* GitHubRepositoriesUITestsLaunchTests.swift in Sources */ = {isa = PBXBuildFile; fileRef = D4F4F3EE283F62DF00E4141B /* GitHubRepositoriesUITestsLaunchTests.swift */; };
/* End PBXBuildFile section */

/* Begin PBXContainerItemProxy section */
		D4F4F3F0283F62DF00E4141B /* PBXContainerItemProxy */ = {
			isa = PBXContainerItemProxy;
			containerPortal = D476FF65283B810D000AFCB3 /* Project object */;
			proxyType = 1;
			remoteGlobalIDString = D476FF6C283B810D000AFCB3;
			remoteInfo = GitHubRepositories;
		};
/* End PBXContainerItemProxy section */

/* Begin PBXFileReference section */
		D4055798283BB7FA00029C31 /* RepositoryTableViewCell.swift */ = {isa = PBXFileReference; lastKnownFileType = sourcecode.swift; path = RepositoryTableViewCell.swift; sourceTree = "<group>"; };
		D405579B283BB97300029C31 /* Repository.swift */ = {isa = PBXFileReference; lastKnownFileType = sourcecode.swift; path = Repository.swift; sourceTree = "<group>"; };
		D405579D283BBBD800029C31 /* RepositoriesAPI.swift */ = {isa = PBXFileReference; lastKnownFileType = sourcecode.swift; path = RepositoriesAPI.swift; sourceTree = "<group>"; };
		D405579F283BBD1E00029C31 /* DashboardViewModel.swift */ = {isa = PBXFileReference; lastKnownFileType = sourcecode.swift; path = DashboardViewModel.swift; sourceTree = "<group>"; };
		D40557A1283BC02E00029C31 /* DataManager.swift */ = {isa = PBXFileReference; lastKnownFileType = sourcecode.swift; path = DataManager.swift; sourceTree = "<group>"; };
		D40557A7283BDB0800029C31 /* BranchesAPI.swift */ = {isa = PBXFileReference; lastKnownFileType = sourcecode.swift; path = BranchesAPI.swift; sourceTree = "<group>"; };
		D40557A9283BDB4F00029C31 /* Branch.swift */ = {isa = PBXFileReference; lastKnownFileType = sourcecode.swift; path = Branch.swift; sourceTree = "<group>"; };
		D40557AB283BDBEB00029C31 /* BranchesViewModel.swift */ = {isa = PBXFileReference; lastKnownFileType = sourcecode.swift; path = BranchesViewModel.swift; sourceTree = "<group>"; };
		D40557AE283BDCCD00029C31 /* BranchViewController.swift */ = {isa = PBXFileReference; lastKnownFileType = sourcecode.swift; path = BranchViewController.swift; sourceTree = "<group>"; };
		D40557B1283BE0B400029C31 /* BranchTableViewCell.swift */ = {isa = PBXFileReference; lastKnownFileType = sourcecode.swift; path = BranchTableViewCell.swift; sourceTree = "<group>"; };
		D476FF6D283B810D000AFCB3 /* GitHubRepositories.app */ = {isa = PBXFileReference; explicitFileType = wrapper.application; includeInIndex = 0; path = GitHubRepositories.app; sourceTree = BUILT_PRODUCTS_DIR; };
		D476FF70283B810D000AFCB3 /* AppDelegate.swift */ = {isa = PBXFileReference; lastKnownFileType = sourcecode.swift; path = AppDelegate.swift; sourceTree = "<group>"; };
		D476FF72283B810D000AFCB3 /* SceneDelegate.swift */ = {isa = PBXFileReference; lastKnownFileType = sourcecode.swift; path = SceneDelegate.swift; sourceTree = "<group>"; };
		D476FF74283B810D000AFCB3 /* LoginController.swift */ = {isa = PBXFileReference; lastKnownFileType = sourcecode.swift; path = LoginController.swift; sourceTree = "<group>"; };
		D476FF77283B810D000AFCB3 /* Base */ = {isa = PBXFileReference; lastKnownFileType = file.storyboard; name = Base; path = Base.lproj/Main.storyboard; sourceTree = "<group>"; };
		D476FF79283B8111000AFCB3 /* Assets.xcassets */ = {isa = PBXFileReference; lastKnownFileType = folder.assetcatalog; path = Assets.xcassets; sourceTree = "<group>"; };
		D476FF7C283B8111000AFCB3 /* Base */ = {isa = PBXFileReference; lastKnownFileType = file.storyboard; name = Base; path = Base.lproj/LaunchScreen.storyboard; sourceTree = "<group>"; };
		D476FF7E283B8111000AFCB3 /* Info.plist */ = {isa = PBXFileReference; lastKnownFileType = text.plist.xml; path = Info.plist; sourceTree = "<group>"; };
		D476FF85283B89F0000AFCB3 /* AuthService.swift */ = {isa = PBXFileReference; lastKnownFileType = sourcecode.swift; path = AuthService.swift; sourceTree = "<group>"; };
		D476FF8E283B8EC8000AFCB3 /* AuthResponse.swift */ = {isa = PBXFileReference; lastKnownFileType = sourcecode.swift; path = AuthResponse.swift; sourceTree = "<group>"; };
		D476FF90283B8EE6000AFCB3 /* SignInViewModel.swift */ = {isa = PBXFileReference; lastKnownFileType = sourcecode.swift; path = SignInViewModel.swift; sourceTree = "<group>"; };
		D476FF93283BA470000AFCB3 /* Extensions.swift */ = {isa = PBXFileReference; lastKnownFileType = sourcecode.swift; path = Extensions.swift; sourceTree = "<group>"; };
		D4790D1C283BA85F00522408 /* DashboardViewController.swift */ = {isa = PBXFileReference; lastKnownFileType = sourcecode.swift; path = DashboardViewController.swift; sourceTree = "<group>"; };
		D4F4F3E5283F627F00E4141B /* ReadMe.md */ = {isa = PBXFileReference; lastKnownFileType = net.daringfireball.markdown; path = ReadMe.md; sourceTree = "<group>"; };
		D4F4F3EA283F62DF00E4141B /* GitHubRepositoriesUITests.xctest */ = {isa = PBXFileReference; explicitFileType = wrapper.cfbundle; includeInIndex = 0; path = GitHubRepositoriesUITests.xctest; sourceTree = BUILT_PRODUCTS_DIR; };
		D4F4F3EC283F62DF00E4141B /* GitHubRepositoriesUITests.swift */ = {isa = PBXFileReference; lastKnownFileType = sourcecode.swift; path = GitHubRepositoriesUITests.swift; sourceTree = "<group>"; };
		D4F4F3EE283F62DF00E4141B /* GitHubRepositoriesUITestsLaunchTests.swift */ = {isa = PBXFileReference; lastKnownFileType = sourcecode.swift; path = GitHubRepositoriesUITestsLaunchTests.swift; sourceTree = "<group>"; };
/* End PBXFileReference section */

/* Begin PBXFrameworksBuildPhase section */
		D476FF6A283B810D000AFCB3 /* Frameworks */ = {
			isa = PBXFrameworksBuildPhase;
			buildActionMask = 2147483647;
			files = (
				D476FF89283B8E5F000AFCB3 /* SkeletonView in Frameworks */,
			);
			runOnlyForDeploymentPostprocessing = 0;
		};
		D4F4F3E7283F62DF00E4141B /* Frameworks */ = {
			isa = PBXFrameworksBuildPhase;
			buildActionMask = 2147483647;
			files = (
			);
			runOnlyForDeploymentPostprocessing = 0;
		};
/* End PBXFrameworksBuildPhase section */

/* Begin PBXGroup section */
		D405579A283BB80400029C31 /* Cells */ = {
			isa = PBXGroup;
			children = (
				D4055798283BB7FA00029C31 /* RepositoryTableViewCell.swift */,
			);
			path = Cells;
			sourceTree = "<group>";
		};
		D40557A3283BDA9300029C31 /* Branches */ = {
			isa = PBXGroup;
			children = (
				D40557B0283BE09C00029C31 /* Cells */,
				D40557AD283BDCB500029C31 /* Controller */,
				D40557A6283BDAAC00029C31 /* Model */,
				D40557A5283BDAA300029C31 /* ViewModel */,
				D40557A4283BDA9A00029C31 /* API */,
			);
			path = Branches;
			sourceTree = "<group>";
		};
		D40557A4283BDA9A00029C31 /* API */ = {
			isa = PBXGroup;
			children = (
				D40557A7283BDB0800029C31 /* BranchesAPI.swift */,
			);
			path = API;
			sourceTree = "<group>";
		};
		D40557A5283BDAA300029C31 /* ViewModel */ = {
			isa = PBXGroup;
			children = (
				D40557AB283BDBEB00029C31 /* BranchesViewModel.swift */,
			);
			path = ViewModel;
			sourceTree = "<group>";
		};
		D40557A6283BDAAC00029C31 /* Model */ = {
			isa = PBXGroup;
			children = (
				D40557A9283BDB4F00029C31 /* Branch.swift */,
			);
			path = Model;
			sourceTree = "<group>";
		};
		D40557AD283BDCB500029C31 /* Controller */ = {
			isa = PBXGroup;
			children = (
				D40557AE283BDCCD00029C31 /* BranchViewController.swift */,
			);
			path = Controller;
			sourceTree = "<group>";
		};
		D40557B0283BE09C00029C31 /* Cells */ = {
			isa = PBXGroup;
			children = (
				D40557B1283BE0B400029C31 /* BranchTableViewCell.swift */,
			);
			path = Cells;
			sourceTree = "<group>";
		};
		D476FF64283B810D000AFCB3 = {
			isa = PBXGroup;
			children = (
				D476FF6F283B810D000AFCB3 /* GitHubRepositories */,
				D4F4F3EB283F62DF00E4141B /* GitHubRepositoriesUITests */,
				D476FF6E283B810D000AFCB3 /* Products */,
			);
			sourceTree = "<group>";
		};
		D476FF6E283B810D000AFCB3 /* Products */ = {
			isa = PBXGroup;
			children = (
				D476FF6D283B810D000AFCB3 /* GitHubRepositories.app */,
				D4F4F3EA283F62DF00E4141B /* GitHubRepositoriesUITests.xctest */,
			);
			name = Products;
			sourceTree = "<group>";
		};
		D476FF6F283B810D000AFCB3 /* GitHubRepositories */ = {
			isa = PBXGroup;
			children = (
				D40557A3283BDA9300029C31 /* Branches */,
				D4790D1A283BA84E00522408 /* Dashboard */,
				D476FF8A283B8E8D000AFCB3 /* Sign In */,
				D476FF92283BA464000AFCB3 /* Utils */,
				D40557A1283BC02E00029C31 /* DataManager.swift */,
				D476FF70283B810D000AFCB3 /* AppDelegate.swift */,
				D476FF72283B810D000AFCB3 /* SceneDelegate.swift */,
				D476FF76283B810D000AFCB3 /* Main.storyboard */,
				D476FF79283B8111000AFCB3 /* Assets.xcassets */,
				D476FF7B283B8111000AFCB3 /* LaunchScreen.storyboard */,
				D476FF7E283B8111000AFCB3 /* Info.plist */,
				D4F4F3E5283F627F00E4141B /* ReadMe.md */,
			);
			path = GitHubRepositories;
			sourceTree = "<group>";
		};
		D476FF84283B88D8000AFCB3 /* API */ = {
			isa = PBXGroup;
			children = (
				D476FF85283B89F0000AFCB3 /* AuthService.swift */,
			);
			path = API;
			sourceTree = "<group>";
		};
		D476FF8A283B8E8D000AFCB3 /* Sign In */ = {
			isa = PBXGroup;
			children = (
				D476FF8D283B8EB1000AFCB3 /* Controller */,
				D476FF8C283B8EAA000AFCB3 /* ViewModel */,
				D476FF8B283B8EA4000AFCB3 /* Model */,
				D476FF84283B88D8000AFCB3 /* API */,
			);
			path = "Sign In";
			sourceTree = "<group>";
		};
		D476FF8B283B8EA4000AFCB3 /* Model */ = {
			isa = PBXGroup;
			children = (
				D476FF8E283B8EC8000AFCB3 /* AuthResponse.swift */,
			);
			path = Model;
			sourceTree = "<group>";
		};
		D476FF8C283B8EAA000AFCB3 /* ViewModel */ = {
			isa = PBXGroup;
			children = (
				D476FF90283B8EE6000AFCB3 /* SignInViewModel.swift */,
			);
			path = ViewModel;
			sourceTree = "<group>";
		};
		D476FF8D283B8EB1000AFCB3 /* Controller */ = {
			isa = PBXGroup;
			children = (
				D476FF74283B810D000AFCB3 /* LoginController.swift */,
			);
			path = Controller;
			sourceTree = "<group>";
		};
		D476FF92283BA464000AFCB3 /* Utils */ = {
			isa = PBXGroup;
			children = (
				D476FF93283BA470000AFCB3 /* Extensions.swift */,
			);
			path = Utils;
			sourceTree = "<group>";
		};
		D4790D1A283BA84E00522408 /* Dashboard */ = {
			isa = PBXGroup;
			children = (
				D405579A283BB80400029C31 /* Cells */,
				D4790D20283BA88E00522408 /* API */,
				D4790D1F283BA88800522408 /* Model */,
				D4790D1E283BA88300522408 /* ViewModel */,
				D4790D1B283BA85500522408 /* Controller */,
			);
			path = Dashboard;
			sourceTree = "<group>";
		};
		D4790D1B283BA85500522408 /* Controller */ = {
			isa = PBXGroup;
			children = (
				D4790D1C283BA85F00522408 /* DashboardViewController.swift */,
			);
			path = Controller;
			sourceTree = "<group>";
		};
		D4790D1E283BA88300522408 /* ViewModel */ = {
			isa = PBXGroup;
			children = (
				D405579F283BBD1E00029C31 /* DashboardViewModel.swift */,
			);
			path = ViewModel;
			sourceTree = "<group>";
		};
		D4790D1F283BA88800522408 /* Model */ = {
			isa = PBXGroup;
			children = (
				D405579B283BB97300029C31 /* Repository.swift */,
			);
			path = Model;
			sourceTree = "<group>";
		};
		D4790D20283BA88E00522408 /* API */ = {
			isa = PBXGroup;
			children = (
				D405579D283BBBD800029C31 /* RepositoriesAPI.swift */,
			);
			path = API;
			sourceTree = "<group>";
		};
		D4F4F3EB283F62DF00E4141B /* GitHubRepositoriesUITests */ = {
			isa = PBXGroup;
			children = (
				D4F4F3EC283F62DF00E4141B /* GitHubRepositoriesUITests.swift */,
				D4F4F3EE283F62DF00E4141B /* GitHubRepositoriesUITestsLaunchTests.swift */,
			);
			path = GitHubRepositoriesUITests;
			sourceTree = "<group>";
		};
/* End PBXGroup section */

/* Begin PBXNativeTarget section */
		D476FF6C283B810D000AFCB3 /* GitHubRepositories */ = {
			isa = PBXNativeTarget;
			buildConfigurationList = D476FF81283B8111000AFCB3 /* Build configuration list for PBXNativeTarget "GitHubRepositories" */;
			buildPhases = (
				D476FF69283B810D000AFCB3 /* Sources */,
				D476FF6A283B810D000AFCB3 /* Frameworks */,
				D476FF6B283B810D000AFCB3 /* Resources */,
			);
			buildRules = (
			);
			dependencies = (
			);
			name = GitHubRepositories;
			packageProductDependencies = (
				D476FF88283B8E5F000AFCB3 /* SkeletonView */,
			);
			productName = GitHubRepositories;
			productReference = D476FF6D283B810D000AFCB3 /* GitHubRepositories.app */;
			productType = "com.apple.product-type.application";
		};
		D4F4F3E9283F62DF00E4141B /* GitHubRepositoriesUITests */ = {
			isa = PBXNativeTarget;
			buildConfigurationList = D4F4F3F2283F62DF00E4141B /* Build configuration list for PBXNativeTarget "GitHubRepositoriesUITests" */;
			buildPhases = (
				D4F4F3E6283F62DF00E4141B /* Sources */,
				D4F4F3E7283F62DF00E4141B /* Frameworks */,
				D4F4F3E8283F62DF00E4141B /* Resources */,
			);
			buildRules = (
			);
			dependencies = (
				D4F4F3F1283F62DF00E4141B /* PBXTargetDependency */,
			);
			name = GitHubRepositoriesUITests;
			productName = GitHubRepositoriesUITests;
			productReference = D4F4F3EA283F62DF00E4141B /* GitHubRepositoriesUITests.xctest */;
			productType = "com.apple.product-type.bundle.ui-testing";
		};
/* End PBXNativeTarget section */

/* Begin PBXProject section */
		D476FF65283B810D000AFCB3 /* Project object */ = {
			isa = PBXProject;
			attributes = {
				BuildIndependentTargetsInParallel = 1;
				LastSwiftUpdateCheck = 1340;
				LastUpgradeCheck = 1340;
				TargetAttributes = {
					D476FF6C283B810D000AFCB3 = {
						CreatedOnToolsVersion = 13.4;
					};
					D4F4F3E9283F62DF00E4141B = {
						CreatedOnToolsVersion = 13.4;
						TestTargetID = D476FF6C283B810D000AFCB3;
					};
				};
			};
			buildConfigurationList = D476FF68283B810D000AFCB3 /* Build configuration list for PBXProject "GitHubRepositories" */;
			compatibilityVersion = "Xcode 13.0";
			developmentRegion = en;
			hasScannedForEncodings = 0;
			knownRegions = (
				en,
				Base,
			);
			mainGroup = D476FF64283B810D000AFCB3;
			packageReferences = (
				D476FF87283B8E5F000AFCB3 /* XCRemoteSwiftPackageReference "SkeletonView" */,
			);
			productRefGroup = D476FF6E283B810D000AFCB3 /* Products */;
			projectDirPath = "";
			projectRoot = "";
			targets = (
				D476FF6C283B810D000AFCB3 /* GitHubRepositories */,
				D4F4F3E9283F62DF00E4141B /* GitHubRepositoriesUITests */,
			);
		};
/* End PBXProject section */

/* Begin PBXResourcesBuildPhase section */
		D476FF6B283B810D000AFCB3 /* Resources */ = {
			isa = PBXResourcesBuildPhase;
			buildActionMask = 2147483647;
			files = (
				D476FF7D283B8111000AFCB3 /* LaunchScreen.storyboard in Resources */,
				D476FF7A283B8111000AFCB3 /* Assets.xcassets in Resources */,
				D476FF78283B810D000AFCB3 /* Main.storyboard in Resources */,
			);
			runOnlyForDeploymentPostprocessing = 0;
		};
		D4F4F3E8283F62DF00E4141B /* Resources */ = {
			isa = PBXResourcesBuildPhase;
			buildActionMask = 2147483647;
			files = (
			);
			runOnlyForDeploymentPostprocessing = 0;
		};
/* End PBXResourcesBuildPhase section */

/* Begin PBXSourcesBuildPhase section */
		D476FF69283B810D000AFCB3 /* Sources */ = {
			isa = PBXSourcesBuildPhase;
			buildActionMask = 2147483647;
			files = (
				D405579E283BBBD800029C31 /* RepositoriesAPI.swift in Sources */,
				D4055799283BB7FA00029C31 /* RepositoryTableViewCell.swift in Sources */,
				D476FF75283B810D000AFCB3 /* LoginController.swift in Sources */,
				D40557A0283BBD1E00029C31 /* DashboardViewModel.swift in Sources */,
				D40557AC283BDBEB00029C31 /* BranchesViewModel.swift in Sources */,
				D40557AF283BDCCD00029C31 /* BranchViewController.swift in Sources */,
				D476FF71283B810D000AFCB3 /* AppDelegate.swift in Sources */,
				D476FF91283B8EE6000AFCB3 /* SignInViewModel.swift in Sources */,
				D40557A8283BDB0800029C31 /* BranchesAPI.swift in Sources */,
				D40557AA283BDB4F00029C31 /* Branch.swift in Sources */,
				D476FF73283B810D000AFCB3 /* SceneDelegate.swift in Sources */,
				D476FF8F283B8EC8000AFCB3 /* AuthResponse.swift in Sources */,
				D476FF86283B89F0000AFCB3 /* AuthService.swift in Sources */,
				D405579C283BB97300029C31 /* Repository.swift in Sources */,
				D476FF94283BA470000AFCB3 /* Extensions.swift in Sources */,
				D40557A2283BC02E00029C31 /* DataManager.swift in Sources */,
				D4790D1D283BA85F00522408 /* DashboardViewController.swift in Sources */,
				D40557B2283BE0B400029C31 /* BranchTableViewCell.swift in Sources */,
			);
			runOnlyForDeploymentPostprocessing = 0;
		};
		D4F4F3E6283F62DF00E4141B /* Sources */ = {
			isa = PBXSourcesBuildPhase;
			buildActionMask = 2147483647;
			files = (
				D4F4F3ED283F62DF00E4141B /* GitHubRepositoriesUITests.swift in Sources */,
				D4F4F3EF283F62DF00E4141B /* GitHubRepositoriesUITestsLaunchTests.swift in Sources */,
			);
			runOnlyForDeploymentPostprocessing = 0;
		};
/* End PBXSourcesBuildPhase section */

/* Begin PBXTargetDependency section */
		D4F4F3F1283F62DF00E4141B /* PBXTargetDependency */ = {
			isa = PBXTargetDependency;
			target = D476FF6C283B810D000AFCB3 /* GitHubRepositories */;
			targetProxy = D4F4F3F0283F62DF00E4141B /* PBXContainerItemProxy */;
		};
/* End PBXTargetDependency section */

/* Begin PBXVariantGroup section */
		D476FF76283B810D000AFCB3 /* Main.storyboard */ = {
			isa = PBXVariantGroup;
			children = (
				D476FF77283B810D000AFCB3 /* Base */,
			);
			name = Main.storyboard;
			sourceTree = "<group>";
		};
		D476FF7B283B8111000AFCB3 /* LaunchScreen.storyboard */ = {
			isa = PBXVariantGroup;
			children = (
				D476FF7C283B8111000AFCB3 /* Base */,
			);
			name = LaunchScreen.storyboard;
			sourceTree = "<group>";
		};
/* End PBXVariantGroup section */

/* Begin XCBuildConfiguration section */
		D476FF7F283B8111000AFCB3 /* Debug */ = {
			isa = XCBuildConfiguration;
			buildSettings = {
				ALWAYS_SEARCH_USER_PATHS = NO;
				CLANG_ANALYZER_NONNULL = YES;
				CLANG_ANALYZER_NUMBER_OBJECT_CONVERSION = YES_AGGRESSIVE;
				CLANG_CXX_LANGUAGE_STANDARD = "gnu++17";
				CLANG_ENABLE_MODULES = YES;
				CLANG_ENABLE_OBJC_ARC = YES;
				CLANG_ENABLE_OBJC_WEAK = YES;
				CLANG_WARN_BLOCK_CAPTURE_AUTORELEASING = YES;
				CLANG_WARN_BOOL_CONVERSION = YES;
				CLANG_WARN_COMMA = YES;
				CLANG_WARN_CONSTANT_CONVERSION = YES;
				CLANG_WARN_DEPRECATED_OBJC_IMPLEMENTATIONS = YES;
				CLANG_WARN_DIRECT_OBJC_ISA_USAGE = YES_ERROR;
				CLANG_WARN_DOCUMENTATION_COMMENTS = YES;
				CLANG_WARN_EMPTY_BODY = YES;
				CLANG_WARN_ENUM_CONVERSION = YES;
				CLANG_WARN_INFINITE_RECURSION = YES;
				CLANG_WARN_INT_CONVERSION = YES;
				CLANG_WARN_NON_LITERAL_NULL_CONVERSION = YES;
				CLANG_WARN_OBJC_IMPLICIT_RETAIN_SELF = YES;
				CLANG_WARN_OBJC_LITERAL_CONVERSION = YES;
				CLANG_WARN_OBJC_ROOT_CLASS = YES_ERROR;
				CLANG_WARN_QUOTED_INCLUDE_IN_FRAMEWORK_HEADER = YES;
				CLANG_WARN_RANGE_LOOP_ANALYSIS = YES;
				CLANG_WARN_STRICT_PROTOTYPES = YES;
				CLANG_WARN_SUSPICIOUS_MOVE = YES;
				CLANG_WARN_UNGUARDED_AVAILABILITY = YES_AGGRESSIVE;
				CLANG_WARN_UNREACHABLE_CODE = YES;
				CLANG_WARN__DUPLICATE_METHOD_MATCH = YES;
				COPY_PHASE_STRIP = NO;
				DEBUG_INFORMATION_FORMAT = dwarf;
				ENABLE_STRICT_OBJC_MSGSEND = YES;
				ENABLE_TESTABILITY = YES;
				GCC_C_LANGUAGE_STANDARD = gnu11;
				GCC_DYNAMIC_NO_PIC = NO;
				GCC_NO_COMMON_BLOCKS = YES;
				GCC_OPTIMIZATION_LEVEL = 0;
				GCC_PREPROCESSOR_DEFINITIONS = (
					"DEBUG=1",
					"$(inherited)",
				);
				GCC_WARN_64_TO_32_BIT_CONVERSION = YES;
				GCC_WARN_ABOUT_RETURN_TYPE = YES_ERROR;
				GCC_WARN_UNDECLARED_SELECTOR = YES;
				GCC_WARN_UNINITIALIZED_AUTOS = YES_AGGRESSIVE;
				GCC_WARN_UNUSED_FUNCTION = YES;
				GCC_WARN_UNUSED_VARIABLE = YES;
				IPHONEOS_DEPLOYMENT_TARGET = 15.5;
				MTL_ENABLE_DEBUG_INFO = INCLUDE_SOURCE;
				MTL_FAST_MATH = YES;
				ONLY_ACTIVE_ARCH = YES;
				SDKROOT = iphoneos;
				SWIFT_ACTIVE_COMPILATION_CONDITIONS = DEBUG;
				SWIFT_OPTIMIZATION_LEVEL = "-Onone";
			};
			name = Debug;
		};
		D476FF80283B8111000AFCB3 /* Release */ = {
			isa = XCBuildConfiguration;
			buildSettings = {
				ALWAYS_SEARCH_USER_PATHS = NO;
				CLANG_ANALYZER_NONNULL = YES;
				CLANG_ANALYZER_NUMBER_OBJECT_CONVERSION = YES_AGGRESSIVE;
				CLANG_CXX_LANGUAGE_STANDARD = "gnu++17";
				CLANG_ENABLE_MODULES = YES;
				CLANG_ENABLE_OBJC_ARC = YES;
				CLANG_ENABLE_OBJC_WEAK = YES;
				CLANG_WARN_BLOCK_CAPTURE_AUTORELEASING = YES;
				CLANG_WARN_BOOL_CONVERSION = YES;
				CLANG_WARN_COMMA = YES;
				CLANG_WARN_CONSTANT_CONVERSION = YES;
				CLANG_WARN_DEPRECATED_OBJC_IMPLEMENTATIONS = YES;
				CLANG_WARN_DIRECT_OBJC_ISA_USAGE = YES_ERROR;
				CLANG_WARN_DOCUMENTATION_COMMENTS = YES;
				CLANG_WARN_EMPTY_BODY = YES;
				CLANG_WARN_ENUM_CONVERSION = YES;
				CLANG_WARN_INFINITE_RECURSION = YES;
				CLANG_WARN_INT_CONVERSION = YES;
				CLANG_WARN_NON_LITERAL_NULL_CONVERSION = YES;
				CLANG_WARN_OBJC_IMPLICIT_RETAIN_SELF = YES;
				CLANG_WARN_OBJC_LITERAL_CONVERSION = YES;
				CLANG_WARN_OBJC_ROOT_CLASS = YES_ERROR;
				CLANG_WARN_QUOTED_INCLUDE_IN_FRAMEWORK_HEADER = YES;
				CLANG_WARN_RANGE_LOOP_ANALYSIS = YES;
				CLANG_WARN_STRICT_PROTOTYPES = YES;
				CLANG_WARN_SUSPICIOUS_MOVE = YES;
				CLANG_WARN_UNGUARDED_AVAILABILITY = YES_AGGRESSIVE;
				CLANG_WARN_UNREACHABLE_CODE = YES;
				CLANG_WARN__DUPLICATE_METHOD_MATCH = YES;
				COPY_PHASE_STRIP = NO;
				DEBUG_INFORMATION_FORMAT = "dwarf-with-dsym";
				ENABLE_NS_ASSERTIONS = NO;
				ENABLE_STRICT_OBJC_MSGSEND = YES;
				GCC_C_LANGUAGE_STANDARD = gnu11;
				GCC_NO_COMMON_BLOCKS = YES;
				GCC_WARN_64_TO_32_BIT_CONVERSION = YES;
				GCC_WARN_ABOUT_RETURN_TYPE = YES_ERROR;
				GCC_WARN_UNDECLARED_SELECTOR = YES;
				GCC_WARN_UNINITIALIZED_AUTOS = YES_AGGRESSIVE;
				GCC_WARN_UNUSED_FUNCTION = YES;
				GCC_WARN_UNUSED_VARIABLE = YES;
				IPHONEOS_DEPLOYMENT_TARGET = 15.5;
				MTL_ENABLE_DEBUG_INFO = NO;
				MTL_FAST_MATH = YES;
				SDKROOT = iphoneos;
				SWIFT_COMPILATION_MODE = wholemodule;
				SWIFT_OPTIMIZATION_LEVEL = "-O";
				VALIDATE_PRODUCT = YES;
			};
			name = Release;
		};
		D476FF82283B8111000AFCB3 /* Debug */ = {
			isa = XCBuildConfiguration;
			buildSettings = {
				ASSETCATALOG_COMPILER_APPICON_NAME = AppIcon;
				ASSETCATALOG_COMPILER_GLOBAL_ACCENT_COLOR_NAME = AccentColor;
				CODE_SIGN_STYLE = Automatic;
				CURRENT_PROJECT_VERSION = 1;
				DEVELOPMENT_TEAM = Q8998CJRX2;
				GENERATE_INFOPLIST_FILE = YES;
				INFOPLIST_FILE = GitHubRepositories/Info.plist;
				INFOPLIST_KEY_UIApplicationSupportsIndirectInputEvents = YES;
				INFOPLIST_KEY_UILaunchStoryboardName = LaunchScreen;
				INFOPLIST_KEY_UIMainStoryboardFile = Main;
				INFOPLIST_KEY_UISupportedInterfaceOrientations_iPad = "UIInterfaceOrientationPortrait UIInterfaceOrientationPortraitUpsideDown UIInterfaceOrientationLandscapeLeft UIInterfaceOrientationLandscapeRight";
				INFOPLIST_KEY_UISupportedInterfaceOrientations_iPhone = "UIInterfaceOrientationPortrait UIInterfaceOrientationLandscapeLeft UIInterfaceOrientationLandscapeRight";
				LD_RUNPATH_SEARCH_PATHS = (
					"$(inherited)",
					"@executable_path/Frameworks",
				);
				MARKETING_VERSION = 1.0;
				PRODUCT_BUNDLE_IDENTIFIER = com.todordimitrov.GitHubRepositories;
				PRODUCT_NAME = "$(TARGET_NAME)";
				SWIFT_EMIT_LOC_STRINGS = YES;
				SWIFT_VERSION = 5.0;
				TARGETED_DEVICE_FAMILY = "1,2";
			};
			name = Debug;
		};
		D476FF83283B8111000AFCB3 /* Release */ = {
			isa = XCBuildConfiguration;
			buildSettings = {
				ASSETCATALOG_COMPILER_APPICON_NAME = AppIcon;
				ASSETCATALOG_COMPILER_GLOBAL_ACCENT_COLOR_NAME = AccentColor;
				CODE_SIGN_STYLE = Automatic;
				CURRENT_PROJECT_VERSION = 1;
				DEVELOPMENT_TEAM = Q8998CJRX2;
				GENERATE_INFOPLIST_FILE = YES;
				INFOPLIST_FILE = GitHubRepositories/Info.plist;
				INFOPLIST_KEY_UIApplicationSupportsIndirectInputEvents = YES;
				INFOPLIST_KEY_UILaunchStoryboardName = LaunchScreen;
				INFOPLIST_KEY_UIMainStoryboardFile = Main;
				INFOPLIST_KEY_UISupportedInterfaceOrientations_iPad = "UIInterfaceOrientationPortrait UIInterfaceOrientationPortraitUpsideDown UIInterfaceOrientationLandscapeLeft UIInterfaceOrientationLandscapeRight";
				INFOPLIST_KEY_UISupportedInterfaceOrientations_iPhone = "UIInterfaceOrientationPortrait UIInterfaceOrientationLandscapeLeft UIInterfaceOrientationLandscapeRight";
				LD_RUNPATH_SEARCH_PATHS = (
					"$(inherited)",
					"@executable_path/Frameworks",
				);
				MARKETING_VERSION = 1.0;
				PRODUCT_BUNDLE_IDENTIFIER = com.todordimitrov.GitHubRepositories;
				PRODUCT_NAME = "$(TARGET_NAME)";
				SWIFT_EMIT_LOC_STRINGS = YES;
				SWIFT_VERSION = 5.0;
				TARGETED_DEVICE_FAMILY = "1,2";
			};
			name = Release;
		};
		D4F4F3F3283F62DF00E4141B /* Debug */ = {
			isa = XCBuildConfiguration;
			buildSettings = {
				CODE_SIGN_STYLE = Automatic;
				CURRENT_PROJECT_VERSION = 1;
				DEVELOPMENT_TEAM = Q8998CJRX2;
				GENERATE_INFOPLIST_FILE = YES;
				MARKETING_VERSION = 1.0;
				PRODUCT_BUNDLE_IDENTIFIER = com.todordimitrov.GitHubRepositoriesUITests;
				PRODUCT_NAME = "$(TARGET_NAME)";
				SWIFT_EMIT_LOC_STRINGS = NO;
				SWIFT_VERSION = 5.0;
				TARGETED_DEVICE_FAMILY = "1,2";
				TEST_TARGET_NAME = GitHubRepositories;
			};
			name = Debug;
		};
		D4F4F3F4283F62DF00E4141B /* Release */ = {
			isa = XCBuildConfiguration;
			buildSettings = {
				CODE_SIGN_STYLE = Automatic;
				CURRENT_PROJECT_VERSION = 1;
				DEVELOPMENT_TEAM = Q8998CJRX2;
				GENERATE_INFOPLIST_FILE = YES;
				MARKETING_VERSION = 1.0;
				PRODUCT_BUNDLE_IDENTIFIER = com.todordimitrov.GitHubRepositoriesUITests;
				PRODUCT_NAME = "$(TARGET_NAME)";
				SWIFT_EMIT_LOC_STRINGS = NO;
				SWIFT_VERSION = 5.0;
				TARGETED_DEVICE_FAMILY = "1,2";
				TEST_TARGET_NAME = GitHubRepositories;
			};
			name = Release;
		};
/* End XCBuildConfiguration section */

/* Begin XCConfigurationList section */
		D476FF68283B810D000AFCB3 /* Build configuration list for PBXProject "GitHubRepositories" */ = {
			isa = XCConfigurationList;
			buildConfigurations = (
				D476FF7F283B8111000AFCB3 /* Debug */,
				D476FF80283B8111000AFCB3 /* Release */,
			);
			defaultConfigurationIsVisible = 0;
			defaultConfigurationName = Release;
		};
		D476FF81283B8111000AFCB3 /* Build configuration list for PBXNativeTarget "GitHubRepositories" */ = {
			isa = XCConfigurationList;
			buildConfigurations = (
				D476FF82283B8111000AFCB3 /* Debug */,
				D476FF83283B8111000AFCB3 /* Release */,
			);
			defaultConfigurationIsVisible = 0;
			defaultConfigurationName = Release;
		};
		D4F4F3F2283F62DF00E4141B /* Build configuration list for PBXNativeTarget "GitHubRepositoriesUITests" */ = {
			isa = XCConfigurationList;
			buildConfigurations = (
				D4F4F3F3283F62DF00E4141B /* Debug */,
				D4F4F3F4283F62DF00E4141B /* Release */,
			);
			defaultConfigurationIsVisible = 0;
			defaultConfigurationName = Release;
		};
/* End XCConfigurationList section */

/* Begin XCRemoteSwiftPackageReference section */
		D476FF87283B8E5F000AFCB3 /* XCRemoteSwiftPackageReference "SkeletonView" */ = {
			isa = XCRemoteSwiftPackageReference;
			repositoryURL = "https://github.com/Juanpe/SkeletonView";
			requirement = {
				kind = upToNextMajorVersion;
				minimumVersion = 1.0.0;
			};
		};
/* End XCRemoteSwiftPackageReference section */

/* Begin XCSwiftPackageProductDependency section */
		D476FF88283B8E5F000AFCB3 /* SkeletonView */ = {
			isa = XCSwiftPackageProductDependency;
			package = D476FF87283B8E5F000AFCB3 /* XCRemoteSwiftPackageReference "SkeletonView" */;
			productName = SkeletonView;
		};
/* End XCSwiftPackageProductDependency section */
	};
	rootObject = D476FF65283B810D000AFCB3 /* Project object */;
}
